{
  "object": {
    "pins": [
      {
        "package": "CypherPoetCore",
        "repositoryURL": "https://github.com/CypherPoet/CypherPoetCore.git",
        "state": {
          "branch": null,
          "revision": "0e6206b86b1b84e5daef38e3677880f14331197e",
          "version": "0.0.2"
        }
      },
      {
        "package": "CypherPoetKit",
        "repositoryURL": "https://github.com/CypherPoet/CypherPoetKit.git",
        "state": {
          "branch": null,
          "revision": "8186bc842653648a1f591037e3f4393a55813809",
          "version": "0.0.4"
        }
      },
      {
        "package": "CypherPoetUI",
        "repositoryURL": "https://github.com/CypherPoet/CypherPoetUI.git",
        "state": {
          "branch": null,
          "revision": "f83d8caae6fc69ddaac97c79b0349cb9e3dec68a",
          "version": "0.0.4"
        }
      }
    ]
  },
  "version": 1
}
